
Microsoft Visual Studio Solution File, Format Version 12.00
# Visual Studio Version 17
VisualStudioVersion = 17.3.32929.385
MinimumVisualStudioVersion = 10.0.40219.1
Project("{9A19103F-16F7-4668-BE54-9A1E7A4F7556}") = "TrackerLibrary", "TrackerLibrary\TrackerLibrary.csproj", "{BA06A51D-992B-4530-A17F-8EAFBBA3EEB9}"
EndProject
Project("{FAE04EC0-301F-11D3-BF4B-00C04F79EFBC}") = "TrackerUI", "TrackerI\TrackerUI.csproj", "{037AF70B-1B9D-428D-B1EB-8F7D64B9E1A7}"
EndProject
Project("{2150E333-8FDC-42A3-9474-1A3956D46DE8}") = "dup", "dup", "{9238536F-CDE6-4FD8-94A1-F07090498D0B}"
EndProject
Global
	GlobalSection(SolutionConfigurationPlatforms) = preSolution
		Debug|Any CPU = Debug|Any CPU
		Release|Any CPU = Release|Any CPU
	EndGlobalSection
	GlobalSection(ProjectConfigurationPlatforms) = postSolution
		{BA06A51D-992B-4530-A17F-8EAFBBA3EEB9}.Debug|Any CPU.ActiveCfg = Debug|Any CPU
		{BA06A51D-992B-4530-A17F-8EAFBBA3EEB9}.Debug|Any CPU.Build.0 = Debug|Any CPU
		{BA06A51D-992B-4530-A17F-8EAFBBA3EEB9}.Release|Any CPU.ActiveCfg = Release|Any CPU
		{BA06A51D-992B-4530-A17F-8EAFBBA3EEB9}.Release|Any CPU.Build.0 = Release|Any CPU
		{037AF70B-1B9D-428D-B1EB-8F7D64B9E1A7}.Debug|Any CPU.ActiveCfg = Debug|Any CPU
		{037AF70B-1B9D-428D-B1EB-8F7D64B9E1A7}.Debug|Any CPU.Build.0 = Debug|Any CPU
		{037AF70B-1B9D-428D-B1EB-8F7D64B9E1A7}.Release|Any CPU.ActiveCfg = Release|Any CPU
		{037AF70B-1B9D-428D-B1EB-8F7D64B9E1A7}.Release|Any CPU.Build.0 = Release|Any CPU
	EndGlobalSection
	GlobalSection(SolutionProperties) = preSolution
		HideSolutionNode = FALSE
	EndGlobalSection
	GlobalSection(ExtensibilityGlobals) = postSolution
		SolutionGuid = {8FBAB749-B4BF-4A6B-AEC2-42D19C99E40C}
	EndGlobalSection
EndGlobal
